Microsoft Visual Studio Solution File, Format Version 12.00
# Visual Studio Version 17
VisualStudioVersion = 17.5.33530.505
MinimumVisualStudioVersion = 10.0.40219.1
Project("{9A19103F-16F7-4668-BE54-9A1E7A4F7556}") = "ScrollZoom", "ScrollZoom\ScrollZoom.csproj", "{9094662A-14F4-4887-89EB-44392BFB8EF1}"
EndProject
Project("{FAE04EC0-301F-11D3-BF4B-00C04F79EFBC}") = "BrightMic", "BrightMic\BrightMic.csproj", "{21CB0A67-EC8C-459F-97D4-8E383777FCB5}"
EndProject
Global
	GlobalSection(SolutionConfigurationPlatforms) = preSolution
		Debug|Any CPU = Debug|Any CPU
		Release|Any CPU = Release|Any CPU
	EndGlobalSection
	GlobalSection(ProjectConfigurationPlatforms) = postSolution
		{9094662A-14F4-4887-89EB-44392BFB8EF1}.Debug|Any CPU.ActiveCfg = Debug|Any CPU
		{9094662A-14F4-4887-89EB-44392BFB8EF1}.Debug|Any CPU.Build.0 = Debug|Any CPU
		{9094662A-14F4-4887-89EB-44392BFB8EF1}.Release|Any CPU.ActiveCfg = Release|Any CPU
		{9094662A-14F4-4887-89EB-44392BFB8EF1}.Release|Any CPU.Build.0 = Release|Any CPU
		{21CB0A67-EC8C-459F-97D4-8E383777FCB5}.Debug|Any CPU.ActiveCfg = Debug|Any CPU
		{21CB0A67-EC8C-459F-97D4-8E383777FCB5}.Debug|Any CPU.Build.0 = Debug|Any CPU
		{21CB0A67-EC8C-459F-97D4-8E383777FCB5}.Release|Any CPU.ActiveCfg = Release|Any CPU
		{21CB0A67-EC8C-459F-97D4-8E383777FCB5}.Release|Any CPU.Build.0 = Release|Any CPU
	EndGlobalSection
	GlobalSection(SolutionProperties) = preSolution
		HideSolutionNode = FALSE
	EndGlobalSection
	GlobalSection(ExtensibilityGlobals) = postSolution
		SolutionGuid = {274828F6-CB19-4D64-9F25-AF22CCB29ABC}
	EndGlobalSection
EndGlobal
